// !$*UTF8*$!
{
	archiveVersion = 1;
	classes = {
	};
	objectVersion = 46;
	objects = {

/* Begin PBXBuildFile section */
		9A782E7E14A2712B00599FA2 /* UIKit.framework in Frameworks */ = {isa = PBXBuildFile; fileRef = 9A782E7D14A2712B00599FA2 /* UIKit.framework */; };
		9A782E8014A2712C00599FA2 /* Foundation.framework in Frameworks */ = {isa = PBXBuildFile; fileRef = 9A782E7F14A2712B00599FA2 /* Foundation.framework */; };
		9A782E8214A2712C00599FA2 /* CoreGraphics.framework in Frameworks */ = {isa = PBXBuildFile; fileRef = 9A782E8114A2712C00599FA2 /* CoreGraphics.framework */; };
		9A782E8814A2712C00599FA2 /* InfoPlist.strings in Resources */ = {isa = PBXBuildFile; fileRef = 9A782E8614A2712C00599FA2 /* InfoPlist.strings */; };
		9A782E8A14A2712C00599FA2 /* main.m in Sources */ = {isa = PBXBuildFile; fileRef = 9A782E8914A2712C00599FA2 /* main.m */; };
		9A782E8E14A2712C00599FA2 /* CGAppDelegate.m in Sources */ = {isa = PBXBuildFile; fileRef = 9A782E8D14A2712C00599FA2 /* CGAppDelegate.m */; };
		9A782E9114A2712C00599FA2 /* CGViewController.m in Sources */ = {isa = PBXBuildFile; fileRef = 9A782E9014A2712C00599FA2 /* CGViewController.m */; };
		9A7A25BF14A4D3EB0010852A /* City.m in Sources */ = {isa = PBXBuildFile; fileRef = 9A7A25BE14A4D3EB0010852A /* City.m */; };
		9A7A25C514A4EC3A0010852A /* london.jpg in Resources */ = {isa = PBXBuildFile; fileRef = 9A7A25C114A4EC390010852A /* london.jpg */; };
		9A7A25C614A4EC3A0010852A /* madrid.jpg in Resources */ = {isa = PBXBuildFile; fileRef = 9A7A25C214A4EC390010852A /* madrid.jpg */; };
		9A7A25C714A4EC3A0010852A /* sanFrancisco.jpg in Resources */ = {isa = PBXBuildFile; fileRef = 9A7A25C314A4EC390010852A /* sanFrancisco.jpg */; };
		9A7A25C814A4EC3A0010852A /* sydney.jpg in Resources */ = {isa = PBXBuildFile; fileRef = 9A7A25C414A4EC390010852A /* sydney.jpg */; };
		9A7A25CC14A507C50010852A /* CityController.m in Sources */ = {isa = PBXBuildFile; fileRef = 9A7A25CA14A507C50010852A /* CityController.m */; };
/* End PBXBuildFile section */

/* Begin PBXFileReference section */
		9A782E7914A2712B00599FA2 /* CityGuide.app */ = {isa = PBXFileReference; explicitFileType = wrapper.application; includeInIndex = 0; path = CityGuide.app; sourceTree = BUILT_PRODUCTS_DIR; };
		9A782E7D14A2712B00599FA2 /* UIKit.framework */ = {isa = PBXFileReference; lastKnownFileType = wrapper.framework; name = UIKit.framework; path = System/Library/Frameworks/UIKit.framework; sourceTree = SDKROOT; };
		9A782E7F14A2712B00599FA2 /* Foundation.framework */ = {isa = PBXFileReference; lastKnownFileType = wrapper.framework; name = Foundation.framework; path = System/Library/Frameworks/Foundation.framework; sourceTree = SDKROOT; };
		9A782E8114A2712C00599FA2 /* CoreGraphics.framework */ = {isa = PBXFileReference; lastKnownFileType = wrapper.framework; name = CoreGraphics.framework; path = System/Library/Frameworks/CoreGraphics.framework; sourceTree = SDKROOT; };
		9A782E8514A2712C00599FA2 /* CityGuide-Info.plist */ = {isa = PBXFileReference; lastKnownFileType = text.plist.xml; path = "CityGuide-Info.plist"; sourceTree = "<group>"; };
		9A782E8714A2712C00599FA2 /* en */ = {isa = PBXFileReference; lastKnownFileType = text.plist.strings; name = en; path = en.lproj/InfoPlist.strings; sourceTree = "<group>"; };
		9A782E8914A2712C00599FA2 /* main.m */ = {isa = PBXFileReference; lastKnownFileType = sourcecode.c.objc; path = main.m; sourceTree = "<group>"; };
		9A782E8B14A2712C00599FA2 /* CityGuide-Prefix.pch */ = {isa = PBXFileReference; lastKnownFileType = sourcecode.c.h; path = "CityGuide-Prefix.pch"; sourceTree = "<group>"; };
		9A782E8C14A2712C00599FA2 /* CGAppDelegate.h */ = {isa = PBXFileReference; lastKnownFileType = sourcecode.c.h; path = CGAppDelegate.h; sourceTree = "<group>"; };
		9A782E8D14A2712C00599FA2 /* CGAppDelegate.m */ = {isa = PBXFileReference; lastKnownFileType = sourcecode.c.objc; path = CGAppDelegate.m; sourceTree = "<group>"; };
		9A782E8F14A2712C00599FA2 /* CGViewController.h */ = {isa = PBXFileReference; lastKnownFileType = sourcecode.c.h; path = CGViewController.h; sourceTree = "<group>"; };
		9A782E9014A2712C00599FA2 /* CGViewController.m */ = {isa = PBXFileReference; lastKnownFileType = sourcecode.c.objc; path = CGViewController.m; sourceTree = "<group>"; };
		9A7A25BD14A4D3EB0010852A /* City.h */ = {isa = PBXFileReference; fileEncoding = 4; lastKnownFileType = sourcecode.c.h; path = City.h; sourceTree = "<group>"; };
		9A7A25BE14A4D3EB0010852A /* City.m */ = {isa = PBXFileReference; fileEncoding = 4; lastKnownFileType = sourcecode.c.objc; path = City.m; sourceTree = "<group>"; };
		9A7A25C114A4EC390010852A /* london.jpg */ = {isa = PBXFileReference; lastKnownFileType = image.jpeg; path = london.jpg; sourceTree = "<group>"; };
		9A7A25C214A4EC390010852A /* madrid.jpg */ = {isa = PBXFileReference; lastKnownFileType = image.jpeg; path = madrid.jpg; sourceTree = "<group>"; };
		9A7A25C314A4EC390010852A /* sanFrancisco.jpg */ = {isa = PBXFileReference; lastKnownFileType = image.jpeg; path = sanFrancisco.jpg; sourceTree = "<group>"; };
		9A7A25C414A4EC390010852A /* sydney.jpg */ = {isa = PBXFileReference; lastKnownFileType = image.jpeg; path = sydney.jpg; sourceTree = "<group>"; };
		9A7A25C914A507C50010852A /* CityController.h */ = {isa = PBXFileReference; fileEncoding = 4; lastKnownFileType = sourcecode.c.h; path = CityController.h; sourceTree = "<group>"; };
		9A7A25CA14A507C50010852A /* CityController.m */ = {isa = PBXFileReference; fileEncoding = 4; lastKnownFileType = sourcecode.c.objc; path = CityController.m; sourceTree = "<group>"; };
/* End PBXFileReference section */

/* Begin PBXFrameworksBuildPhase section */
		9A782E7614A2712B00599FA2 /* Frameworks */ = {
			isa = PBXFrameworksBuildPhase;
			buildActionMask = 2147483647;
			files = (
				9A782E7E14A2712B00599FA2 /* UIKit.framework in Frameworks */,
				9A782E8014A2712C00599FA2 /* Foundation.framework in Frameworks */,
				9A782E8214A2712C00599FA2 /* CoreGraphics.framework in Frameworks */,
			);
			runOnlyForDeploymentPostprocessing = 0;
		};
/* End PBXFrameworksBuildPhase section */

/* Begin PBXGroup section */
		9A782E6E14A2712A00599FA2 = {
			isa = PBXGroup;
			children = (
				9A782E8314A2712C00599FA2 /* CityGuide */,
				9A782E7C14A2712B00599FA2 /* Frameworks */,
				9A782E7A14A2712B00599FA2 /* Products */,
			);
			sourceTree = "<group>";
		};
		9A782E7A14A2712B00599FA2 /* Products */ = {
			isa = PBXGroup;
			children = (
				9A782E7914A2712B00599FA2 /* CityGuide.app */,
			);
			name = Products;
			sourceTree = "<group>";
		};
		9A782E7C14A2712B00599FA2 /* Frameworks */ = {
			isa = PBXGroup;
			children = (
				9A782E7D14A2712B00599FA2 /* UIKit.framework */,
				9A782E7F14A2712B00599FA2 /* Foundation.framework */,
				9A782E8114A2712C00599FA2 /* CoreGraphics.framework */,
			);
			name = Frameworks;
			sourceTree = "<group>";
		};
		9A782E8314A2712C00599FA2 /* CityGuide */ = {
			isa = PBXGroup;
			children = (
				9A782E8C14A2712C00599FA2 /* CGAppDelegate.h */,
				9A782E8D14A2712C00599FA2 /* CGAppDelegate.m */,
				9A782E8F14A2712C00599FA2 /* CGViewController.h */,
				9A782E9014A2712C00599FA2 /* CGViewController.m */,
				9A782E8414A2712C00599FA2 /* Supporting Files */,
				9A7A25BD14A4D3EB0010852A /* City.h */,
				9A7A25BE14A4D3EB0010852A /* City.m */,
				9A7A25C914A507C50010852A /* CityController.h */,
				9A7A25CA14A507C50010852A /* CityController.m */,
			);
			path = CityGuide;
			sourceTree = "<group>";
		};
		9A782E8414A2712C00599FA2 /* Supporting Files */ = {
			isa = PBXGroup;
			children = (
				9A7A25C114A4EC390010852A /* london.jpg */,
				9A7A25C214A4EC390010852A /* madrid.jpg */,
				9A7A25C314A4EC390010852A /* sanFrancisco.jpg */,
				9A7A25C414A4EC390010852A /* sydney.jpg */,
				9A782E8514A2712C00599FA2 /* CityGuide-Info.plist */,
				9A782E8614A2712C00599FA2 /* InfoPlist.strings */,
				9A782E8914A2712C00599FA2 /* main.m */,
				9A782E8B14A2712C00599FA2 /* CityGuide-Prefix.pch */,
			);
			name = "Supporting Files";
			sourceTree = "<group>";
		};
/* End PBXGroup section */

/* Begin PBXNativeTarget section */
		9A782E7814A2712B00599FA2 /* CityGuide */ = {
			isa = PBXNativeTarget;
			buildConfigurationList = 9A782E9714A2712D00599FA2 /* Build configuration list for PBXNativeTarget "CityGuide" */;
			buildPhases = (
				9A782E7514A2712B00599FA2 /* Sources */,
				9A782E7614A2712B00599FA2 /* Frameworks */,
				9A782E7714A2712B00599FA2 /* Resources */,
			);
			buildRules = (
			);
			dependencies = (
			);
			name = CityGuide;
			productName = CityGuide;
			productReference = 9A782E7914A2712B00599FA2 /* CityGuide.app */;
			productType = "com.apple.product-type.application";
		};
/* End PBXNativeTarget section */

/* Begin PBXProject section */
		9A782E7014A2712A00599FA2 /* Project object */ = {
			isa = PBXProject;
			attributes = {
				LastUpgradeCheck = 0420;
			};
			buildConfigurationList = 9A782E7314A2712A00599FA2 /* Build configuration list for PBXProject "CityGuide" */;
			compatibilityVersion = "Xcode 3.2";
			developmentRegion = English;
			hasScannedForEncodings = 0;
			knownRegions = (
				en,
			);
			mainGroup = 9A782E6E14A2712A00599FA2;
			productRefGroup = 9A782E7A14A2712B00599FA2 /* Products */;
			projectDirPath = "";
			projectRoot = "";
			targets = (
				9A782E7814A2712B00599FA2 /* CityGuide */,
			);
		};
/* End PBXProject section */

/* Begin PBXResourcesBuildPhase section */
		9A782E7714A2712B00599FA2 /* Resources */ = {
			isa = PBXResourcesBuildPhase;
			buildActionMask = 2147483647;
			files = (
				9A782E8814A2712C00599FA2 /* InfoPlist.strings in Resources */,
				9A7A25C514A4EC3A0010852A /* london.jpg in Resources */,
				9A7A25C614A4EC3A0010852A /* madrid.jpg in Resources */,
				9A7A25C714A4EC3A0010852A /* sanFrancisco.jpg in Resources */,
				9A7A25C814A4EC3A0010852A /* sydney.jpg in Resources */,
			);
			runOnlyForDeploymentPostprocessing = 0;
		};
/* End PBXResourcesBuildPhase section */

/* Begin PBXSourcesBuildPhase section */
		9A782E7514A2712B00599FA2 /* Sources */ = {
			isa = PBXSourcesBuildPhase;
			buildActionMask = 2147483647;
			files = (
				9A782E8A14A2712C00599FA2 /* main.m in Sources */,
				9A782E8E14A2712C00599FA2 /* CGAppDelegate.m in Sources */,
				9A782E9114A2712C00599FA2 /* CGViewController.m in Sources */,
				9A7A25BF14A4D3EB0010852A /* City.m in Sources */,
				9A7A25CC14A507C50010852A /* CityController.m in Sources */,
			);
			runOnlyForDeploymentPostprocessing = 0;
		};
/* End PBXSourcesBuildPhase section */

/* Begin PBXVariantGroup section */
		9A782E8614A2712C00599FA2 /* InfoPlist.strings */ = {
			isa = PBXVariantGroup;
			children = (
				9A782E8714A2712C00599FA2 /* en */,
			);
			name = InfoPlist.strings;
			sourceTree = "<group>";
		};
/* End PBXVariantGroup section */

/* Begin XCBuildConfiguration section */
		9A782E9514A2712D00599FA2 /* Debug */ = {
			isa = XCBuildConfiguration;
			buildSettings = {
				ALWAYS_SEARCH_USER_PATHS = NO;
				ARCHS = "$(ARCHS_STANDARD_32_BIT)";
				CLANG_ENABLE_OBJC_ARC = YES;
				"CODE_SIGN_IDENTITY[sdk=iphoneos*]" = "iPhone Developer";
				COPY_PHASE_STRIP = NO;
				GCC_C_LANGUAGE_STANDARD = gnu99;
				GCC_DYNAMIC_NO_PIC = NO;
				GCC_OPTIMIZATION_LEVEL = 0;
				GCC_PREPROCESSOR_DEFINITIONS = (
					"DEBUG=1",
					"$(inherited)",
				);
				GCC_SYMBOLS_PRIVATE_EXTERN = NO;
				GCC_VERSION = com.apple.compilers.llvm.clang.1_0;
				GCC_WARN_ABOUT_MISSING_PROTOTYPES = YES;
				GCC_WARN_ABOUT_RETURN_TYPE = YES;
				GCC_WARN_UNUSED_VARIABLE = YES;
				IPHONEOS_DEPLOYMENT_TARGET = 5.0;
				SDKROOT = iphoneos;
			};
			name = Debug;
		};
		9A782E9614A2712D00599FA2 /* Release */ = {
			isa = XCBuildConfiguration;
			buildSettings = {
				ALWAYS_SEARCH_USER_PATHS = NO;
				ARCHS = "$(ARCHS_STANDARD_32_BIT)";
				CLANG_ENABLE_OBJC_ARC = YES;
				"CODE_SIGN_IDENTITY[sdk=iphoneos*]" = "iPhone Developer";
				COPY_PHASE_STRIP = YES;
				GCC_C_LANGUAGE_STANDARD = gnu99;
				GCC_VERSION = com.apple.compilers.llvm.clang.1_0;
				GCC_WARN_ABOUT_MISSING_PROTOTYPES = YES;
				GCC_WARN_ABOUT_RETURN_TYPE = YES;
				GCC_WARN_UNUSED_VARIABLE = YES;
				IPHONEOS_DEPLOYMENT_TARGET = 5.0;
				OTHER_CFLAGS = "-DNS_BLOCK_ASSERTIONS=1";
				SDKROOT = iphoneos;
				VALIDATE_PRODUCT = YES;
			};
			name = Release;
		};
		9A782E9814A2712D00599FA2 /* Debug */ = {
			isa = XCBuildConfiguration;
			buildSettings = {
				GCC_PRECOMPILE_PREFIX_HEADER = YES;
				GCC_PREFIX_HEADER = "CityGuide/CityGuide-Prefix.pch";
				INFOPLIST_FILE = "CityGuide/CityGuide-Info.plist";
				PRODUCT_NAME = "$(TARGET_NAME)";
				WRAPPER_EXTENSION = app;
			};
			name = Debug;
		};
		9A782E9914A2712D00599FA2 /* Release */ = {
			isa = XCBuildConfiguration;
			buildSettings = {
				GCC_PRECOMPILE_PREFIX_HEADER = YES;
				GCC_PREFIX_HEADER = "CityGuide/CityGuide-Prefix.pch";
				INFOPLIST_FILE = "CityGuide/CityGuide-Info.plist";
				PRODUCT_NAME = "$(TARGET_NAME)";
				WRAPPER_EXTENSION = app;
			};
			name = Release;
		};
/* End XCBuildConfiguration section */

/* Begin XCConfigurationList section */
		9A782E7314A2712A00599FA2 /* Build configuration list for PBXProject "CityGuide" */ = {
			isa = XCConfigurationList;
			buildConfigurations = (
				9A782E9514A2712D00599FA2 /* Debug */,
				9A782E9614A2712D00599FA2 /* Release */,
			);
			defaultConfigurationIsVisible = 0;
			defaultConfigurationName = Release;
		};
		9A782E9714A2712D00599FA2 /* Build configuration list for PBXNativeTarget "CityGuide" */ = {
			isa = XCConfigurationList;
			buildConfigurations = (
				9A782E9814A2712D00599FA2 /* Debug */,
				9A782E9914A2712D00599FA2 /* Release */,
			);
			defaultConfigurationIsVisible = 0;
			defaultConfigurationName = Release;
		};
/* End XCConfigurationList section */
	};
	rootObject = 9A782E7014A2712A00599FA2 /* Project object */;
}
